
Microsoft Visual Studio Solution File, Format Version 12.00
# Visual Studio Version 17
VisualStudioVersion = 17.4.33205.214
MinimumVisualStudioVersion = 10.0.40219.1
Project("{9A19103F-16F7-4668-BE54-9A1E7A4F7556}") = "JerkOffCow", "FerkOffCow\JerkOffCow.csproj", "{6CCCC6AB-081B-47A6-9C5C-F6955015A860}"
EndProject
Project("{9A19103F-16F7-4668-BE54-9A1E7A4F7556}") = "WinApiTools", "WinApiTools\WinApiTools.csproj", "{F7D68E3D-0B82-4A5C-BC89-AD00831C75F1}"
EndProject
Project("{9A19103F-16F7-4668-BE54-9A1E7A4F7556}") = "ScreanBotsCommon", "ScreanBotsCommon\ScreanBotsCommon.csproj", "{84E02760-A775-4B8C-B7E3-D2EBDD92A122}"
EndProject
Project("{9A19103F-16F7-4668-BE54-9A1E7A4F7556}") = "ChipThief", "ChipThief\ChipThief.csproj", "{B23E5CCA-E034-4908-847F-1E31315405DD}"
EndProject
Project("{9A19103F-16F7-4668-BE54-9A1E7A4F7556}") = "LuckyWheel", "LuckyWheel\LuckyWheel.csproj", "{D050A297-E187-4043-A741-CD4D10E11503}"
EndProject
Project("{FAE04EC0-301F-11D3-BF4B-00C04F79EFBC}") = "WelcomeToTheClubBuddy", "WelcomeToTheClubBuddy\WelcomeToTheClubBuddy.csproj", "{960D6B50-6508-4B6F-A6E4-8AD13D643E49}"
EndProject
Global
	GlobalSection(SolutionConfigurationPlatforms) = preSolution
		Debug|Any CPU = Debug|Any CPU
		Release|Any CPU = Release|Any CPU
	EndGlobalSection
	GlobalSection(ProjectConfigurationPlatforms) = postSolution
		{6CCCC6AB-081B-47A6-9C5C-F6955015A860}.Debug|Any CPU.ActiveCfg = Debug|Any CPU
		{6CCCC6AB-081B-47A6-9C5C-F6955015A860}.Debug|Any CPU.Build.0 = Debug|Any CPU
		{6CCCC6AB-081B-47A6-9C5C-F6955015A860}.Release|Any CPU.ActiveCfg = Release|Any CPU
		{6CCCC6AB-081B-47A6-9C5C-F6955015A860}.Release|Any CPU.Build.0 = Release|Any CPU
		{F7D68E3D-0B82-4A5C-BC89-AD00831C75F1}.Debug|Any CPU.ActiveCfg = Debug|Any CPU
		{F7D68E3D-0B82-4A5C-BC89-AD00831C75F1}.Debug|Any CPU.Build.0 = Debug|Any CPU
		{F7D68E3D-0B82-4A5C-BC89-AD00831C75F1}.Release|Any CPU.ActiveCfg = Release|Any CPU
		{F7D68E3D-0B82-4A5C-BC89-AD00831C75F1}.Release|Any CPU.Build.0 = Release|Any CPU
		{84E02760-A775-4B8C-B7E3-D2EBDD92A122}.Debug|Any CPU.ActiveCfg = Debug|Any CPU
		{84E02760-A775-4B8C-B7E3-D2EBDD92A122}.Debug|Any CPU.Build.0 = Debug|Any CPU
		{84E02760-A775-4B8C-B7E3-D2EBDD92A122}.Release|Any CPU.ActiveCfg = Release|Any CPU
		{84E02760-A775-4B8C-B7E3-D2EBDD92A122}.Release|Any CPU.Build.0 = Release|Any CPU
		{B23E5CCA-E034-4908-847F-1E31315405DD}.Debug|Any CPU.ActiveCfg = Debug|Any CPU
		{B23E5CCA-E034-4908-847F-1E31315405DD}.Debug|Any CPU.Build.0 = Debug|Any CPU
		{B23E5CCA-E034-4908-847F-1E31315405DD}.Release|Any CPU.ActiveCfg = Release|Any CPU
		{B23E5CCA-E034-4908-847F-1E31315405DD}.Release|Any CPU.Build.0 = Release|Any CPU
		{D050A297-E187-4043-A741-CD4D10E11503}.Debug|Any CPU.ActiveCfg = Debug|Any CPU
		{D050A297-E187-4043-A741-CD4D10E11503}.Debug|Any CPU.Build.0 = Debug|Any CPU
		{D050A297-E187-4043-A741-CD4D10E11503}.Release|Any CPU.ActiveCfg = Release|Any CPU
		{D050A297-E187-4043-A741-CD4D10E11503}.Release|Any CPU.Build.0 = Release|Any CPU
		{960D6B50-6508-4B6F-A6E4-8AD13D643E49}.Debug|Any CPU.ActiveCfg = Debug|Any CPU
		{960D6B50-6508-4B6F-A6E4-8AD13D643E49}.Debug|Any CPU.Build.0 = Debug|Any CPU
		{960D6B50-6508-4B6F-A6E4-8AD13D643E49}.Release|Any CPU.ActiveCfg = Release|Any CPU
		{960D6B50-6508-4B6F-A6E4-8AD13D643E49}.Release|Any CPU.Build.0 = Release|Any CPU
	EndGlobalSection
	GlobalSection(SolutionProperties) = preSolution
		HideSolutionNode = FALSE
	EndGlobalSection
	GlobalSection(ExtensibilityGlobals) = postSolution
		SolutionGuid = {21D721AD-BA91-4E6E-8D57-D4387B692CC9}
	EndGlobalSection
EndGlobal
